# This file is generated by running "yarn install" inside your project.
# Manual changes might be lost - proceed with caution!

__metadata:
  version: 5
  cacheKey: 8

"@types/accepts@npm:*":
  version: 1.3.5
  resolution: "@types/accepts@npm:1.3.5"
  dependencies:
    "@types/node": "*"
  checksum: 590b7580570534a640510c071e09074cf63b5958b237a728f94322567350aea4d239f8a9d897a12b15c856b992ee4d7907e9812bb079886af2c00714e7fb3f60
  languageName: node
  linkType: hard

"@types/body-parser@npm:*":
  version: 1.19.2
  resolution: "@types/body-parser@npm:1.19.2"
  dependencies:
    "@types/connect": "*"
    "@types/node": "*"
  checksum: e17840c7d747a549f00aebe72c89313d09fbc4b632b949b2470c5cb3b1cb73863901ae84d9335b567a79ec5efcfb8a28ff8e3f36bc8748a9686756b6d5681f40
  languageName: node
  linkType: hard

"@types/connect@npm:*":
  version: 3.4.35
  resolution: "@types/connect@npm:3.4.35"
  dependencies:
    "@types/node": "*"
  checksum: fe81351470f2d3165e8b12ce33542eef89ea893e36dd62e8f7d72566dfb7e448376ae962f9f3ea888547ce8b55a40020ca0e01d637fab5d99567673084542641
  languageName: node
  linkType: hard

"@types/content-disposition@npm:*":
  version: 0.5.4
  resolution: "@types/content-disposition@npm:0.5.4"
  checksum: eee083f930fedb125acf0d658653b7d349cdfe93ef78d5613450c4817e4882eb0c0e59b4ab2bc57997bb59f87db9f734dc234644509bb3df51f8388635daf1e1
  languageName: node
  linkType: hard

"@types/cookies@npm:*":
  version: 0.7.7
  resolution: "@types/cookies@npm:0.7.7"
  dependencies:
    "@types/connect": "*"
    "@types/express": "*"
    "@types/keygrip": "*"
    "@types/node": "*"
  checksum: d3759efc1182cb0651808570ae13638677b67b0ea724eef7b174e58ffe6ea044b62c7c2715e532f76f88fce4dd8101ed32ac6fbb73226db654017924e8a2a1e6
  languageName: node
  linkType: hard

"@types/express-serve-static-core@npm:^4.17.18":
  version: 4.17.26
  resolution: "@types/express-serve-static-core@npm:4.17.26"
  dependencies:
    "@types/node": "*"
    "@types/qs": "*"
    "@types/range-parser": "*"
  checksum: 064080c3c21136f9017e108559602ec5989ce90828d6ede6e3c375e5693a72500b3c06206cdc4a59496ae1ad8af1e282223efb3d79907233fc4811a2cf4d4392
  languageName: node
  linkType: hard

"@types/express@npm:*":
  version: 4.17.13
  resolution: "@types/express@npm:4.17.13"
  dependencies:
    "@types/body-parser": "*"
    "@types/express-serve-static-core": ^4.17.18
    "@types/qs": "*"
    "@types/serve-static": "*"
  checksum: 12a2a0e6c4b993fc0854bec665906788aea0d8ee4392389d7a98a5de1eefdd33c9e1e40a91f3afd274011119c506f7b4126acb97fae62ae20b654974d44cba12
  languageName: node
  linkType: hard

"@types/http-assert@npm:*":
  version: 1.5.3
  resolution: "@types/http-assert@npm:1.5.3"
  checksum: 9553e5a0b8bcfdac4b51d3fa3b89a91b5450171861a667a5b4c47204e0f4a1ca865d97396e6ceaf220e87b64d06b7a8bad7bfba15ef97acb41a87507c9940dbc
  languageName: node
  linkType: hard

"@types/http-errors@npm:*":
  version: 1.8.1
  resolution: "@types/http-errors@npm:1.8.1"
  checksum: f0710ea284a7eb5584c5e324b1dc810bc971e1adc94deff63a0c434a8a75adc020487e3e6d511cd82cef101bbcf090b8f56995c143d123e0c374dc0f61be3a61
  languageName: node
  linkType: hard

"@types/keygrip@npm:*":
  version: 1.0.2
  resolution: "@types/keygrip@npm:1.0.2"
  checksum: 60bc2738a4f107070ee3d96f44709cb38f3a96c7ccabab09f56c1b2b4d85f869fd8fb9f1f2937e863d0e9e781f005c2223b823bf32b859185b4f52370c352669
  languageName: node
  linkType: hard

"@types/koa-compose@npm:*":
  version: 3.2.5
  resolution: "@types/koa-compose@npm:3.2.5"
  dependencies:
    "@types/koa": "*"
  checksum: 5d1147c4b057eb158195f442f0384f06503f3e69dba99fb517b30a05261a9f92928945c12bb1cfc17a5b7d60db003f38b455a3a9b125f12e4fc81fffa396b3cf
  languageName: node
  linkType: hard

"@types/koa@npm:*, @types/koa@npm:^2":
  version: 2.13.4
  resolution: "@types/koa@npm:2.13.4"
  dependencies:
    "@types/accepts": "*"
    "@types/content-disposition": "*"
    "@types/cookies": "*"
    "@types/http-assert": "*"
    "@types/http-errors": "*"
    "@types/keygrip": "*"
    "@types/koa-compose": "*"
    "@types/node": "*"
  checksum: 35a54e68944f74d6763537d55d01f8ed870d0ef816b5f27fce97a317b237540b7c249dc4a54abab44ad0afd0ce010b335122c9efb490b9589affe7929201d707
  languageName: node
  linkType: hard

"@types/mime@npm:^1":
  version: 1.3.2
  resolution: "@types/mime@npm:1.3.2"
  checksum: 0493368244cced1a69cb791b485a260a422e6fcc857782e1178d1e6f219f1b161793e9f87f5fae1b219af0f50bee24fcbe733a18b4be8fdd07a38a8fb91146fd
  languageName: node
  linkType: hard

"@types/node@npm:*":
  version: 16.11.12
  resolution: "@types/node@npm:16.11.12"
  checksum: a3feb346d61a56f5a137c29bb8c63cfa3cc02e184b9dffdc18ef1528dcce55596e570575215a2e39e6ce69343eeb2a5ba71c271938f1dc8db4cc393902855412
  languageName: node
  linkType: hard

"@types/qs@npm:*":
  version: 6.9.7
  resolution: "@types/qs@npm:6.9.7"
  checksum: 7fd6f9c25053e9b5bb6bc9f9f76c1d89e6c04f7707a7ba0e44cc01f17ef5284adb82f230f542c2d5557d69407c9a40f0f3515e8319afd14e1e16b5543ac6cdba
  languageName: node
  linkType: hard

"@types/range-parser@npm:*":
  version: 1.2.4
  resolution: "@types/range-parser@npm:1.2.4"
  checksum: b7c0dfd5080a989d6c8bb0b6750fc0933d9acabeb476da6fe71d8bdf1ab65e37c136169d84148034802f48378ab94e3c37bb4ef7656b2bec2cb9c0f8d4146a95
  languageName: node
  linkType: hard

"@types/serve-static@npm:*":
  version: 1.13.10
  resolution: "@types/serve-static@npm:1.13.10"
  dependencies:
    "@types/mime": ^1
    "@types/node": "*"
  checksum: eaca858739483e3ded254cad7d7a679dc2c8b3f52c8bb0cd845b3b7eb1984bde0371fdcb0a5c83aa12e6daf61b6beb762545021f520f08a1fe882a3fa4ea5554
  languageName: node
  linkType: hard

"accepts@npm:^1.3.5":
  version: 1.3.7
  resolution: "accepts@npm:1.3.7"
  dependencies:
    mime-types: ~2.1.24
    negotiator: 0.6.2
  checksum: 27fc8060ffc69481ff6719cd3ee06387d2b88381cb0ce626f087781bbd02201a645a9febc8e7e7333558354b33b1d2f922ad13560be4ec1b7ba9e76fc1c1241d
  languageName: node
  linkType: hard

"cache-content-type@npm:^1.0.0":
  version: 1.0.1
  resolution: "cache-content-type@npm:1.0.1"
  dependencies:
    mime-types: ^2.1.18
    ylru: ^1.2.0
  checksum: 18db4d59452669ccbfd7146a1510a37eb28e9eccf18ca7a4eb603dff2edc5cccdca7498fc3042a2978f76f11151fba486eb9eb69d9afa3fb124957870aef4fd3
  languageName: node
  linkType: hard

"co@npm:^4.6.0":
  version: 4.6.0
  resolution: "co@npm:4.6.0"
  checksum: 5210d9223010eb95b29df06a91116f2cf7c8e0748a9013ed853b53f362ea0e822f1e5bb054fb3cefc645239a4cf966af1f6133a3b43f40d591f3b68ed6cf0510
  languageName: node
  linkType: hard

"content-disposition@npm:~0.5.2":
  version: 0.5.4
  resolution: "content-disposition@npm:0.5.4"
  dependencies:
    safe-buffer: 5.2.1
  checksum: afb9d545e296a5171d7574fcad634b2fdf698875f4006a9dd04a3e1333880c5c0c98d47b560d01216fb6505a54a2ba6a843ee3a02ec86d7e911e8315255f56c3
  languageName: node
  linkType: hard

"content-type@npm:^1.0.4":
  version: 1.0.4
  resolution: "content-type@npm:1.0.4"
  checksum: 3d93585fda985d1554eca5ebd251994327608d2e200978fdbfba21c0c679914d5faf266d17027de44b34a72c7b0745b18584ecccaa7e1fdfb6a68ac7114f12e0
  languageName: node
  linkType: hard

"cookies@npm:~0.8.0":
  version: 0.8.0
  resolution: "cookies@npm:0.8.0"
  dependencies:
    depd: ~2.0.0
    keygrip: ~1.1.0
  checksum: 806055a44f128705265b1bc6a853058da18bf80dea3654ad99be20985b1fa1b14f86c1eef73644aab8071241f8a78acd57202b54c4c5c70769fc694fbb9c4edc
  languageName: node
  linkType: hard

"debug@npm:^4.3.2":
  version: 4.3.3
  resolution: "debug@npm:4.3.3"
  dependencies:
    ms: 2.1.2
  peerDependenciesMeta:
    supports-color:
      optional: true
  checksum: 14472d56fe4a94dbcfaa6dbed2dd3849f1d72ba78104a1a328047bb564643ca49df0224c3a17fa63533fd11dd3d4c8636cd861191232a2c6735af00cc2d4de16
  languageName: node
  linkType: hard

"deep-equal@npm:~1.0.1":
  version: 1.0.1
  resolution: "deep-equal@npm:1.0.1"
  checksum: 5af8cbfcebf190491878a498caccc7dc9592f8ebd1685b976eacc3825619d222b5e929923163b92c4f414494e2b884f7ebf00c022e8198e8292deb70dd9785f4
  languageName: node
  linkType: hard

"delegates@npm:^1.0.0":
  version: 1.0.0
  resolution: "delegates@npm:1.0.0"
  checksum: a51744d9b53c164ba9c0492471a1a2ffa0b6727451bdc89e31627fdf4adda9d51277cfcbfb20f0a6f08ccb3c436f341df3e92631a3440226d93a8971724771fd
  languageName: node
  linkType: hard

"depd@npm:^2.0.0, depd@npm:~2.0.0":
  version: 2.0.0
  resolution: "depd@npm:2.0.0"
  checksum: abbe19c768c97ee2eed6282d8ce3031126662252c58d711f646921c9623f9052e3e1906443066beec1095832f534e57c523b7333f8e7e0d93051ab6baef5ab3a
  languageName: node
  linkType: hard

"depd@npm:~1.1.2":
  version: 1.1.2
  resolution: "depd@npm:1.1.2"
  checksum: 6b406620d269619852885ce15965272b829df6f409724415e0002c8632ab6a8c0a08ec1f0bd2add05dc7bd7507606f7e2cc034fa24224ab829580040b835ecd9
  languageName: node
  linkType: hard

"destroy@npm:^1.0.4":
  version: 1.0.4
  resolution: "destroy@npm:1.0.4"
  checksum: da9ab4961dc61677c709da0c25ef01733042614453924d65636a7db37308fef8a24cd1e07172e61173d471ca175371295fbc984b0af5b2b4ff47cd57bd784c03
  languageName: node
  linkType: hard

"ee-first@npm:1.1.1":
  version: 1.1.1
  resolution: "ee-first@npm:1.1.1"
  checksum: 1b4cac778d64ce3b582a7e26b218afe07e207a0f9bfe13cc7395a6d307849cfe361e65033c3251e00c27dd060cab43014c2d6b2647676135e18b77d2d05b3f4f
  languageName: node
  linkType: hard

"encodeurl@npm:^1.0.2":
  version: 1.0.2
  resolution: "encodeurl@npm:1.0.2"
  checksum: e50e3d508cdd9c4565ba72d2012e65038e5d71bdc9198cb125beb6237b5b1ade6c0d343998da9e170fb2eae52c1bed37d4d6d98a46ea423a0cddbed5ac3f780c
  languageName: node
  linkType: hard

"escape-html@npm:^1.0.3":
  version: 1.0.3
  resolution: "escape-html@npm:1.0.3"
  checksum: 6213ca9ae00d0ab8bccb6d8d4e0a98e76237b2410302cf7df70aaa6591d509a2a37ce8998008cbecae8fc8ffaadf3fb0229535e6a145f3ce0b211d060decbb24
  languageName: node
  linkType: hard

"fresh@npm:~0.5.2":
  version: 0.5.2
  resolution: "fresh@npm:0.5.2"
  checksum: 13ea8b08f91e669a64e3ba3a20eb79d7ca5379a81f1ff7f4310d54e2320645503cc0c78daedc93dfb6191287295f6479544a649c64d8e41a1c0fb0c221552346
  languageName: node
  linkType: hard

"has-symbols@npm:^1.0.2":
  version: 1.0.2
  resolution: "has-symbols@npm:1.0.2"
  checksum: 2309c426071731be792b5be43b3da6fb4ed7cbe8a9a6bcfca1862587709f01b33d575ce8f5c264c1eaad09fca2f9a8208c0a2be156232629daa2dd0c0740976b
  languageName: node
  linkType: hard

"has-tostringtag@npm:^1.0.0":
  version: 1.0.0
  resolution: "has-tostringtag@npm:1.0.0"
  dependencies:
    has-symbols: ^1.0.2
  checksum: cc12eb28cb6ae22369ebaad3a8ab0799ed61270991be88f208d508076a1e99abe4198c965935ce85ea90b60c94ddda73693b0920b58e7ead048b4a391b502c1c
  languageName: node
  linkType: hard

"http-assert@npm:^1.3.0":
  version: 1.5.0
  resolution: "http-assert@npm:1.5.0"
  dependencies:
    deep-equal: ~1.0.1
    http-errors: ~1.8.0
  checksum: 69c9b3c14cf8b2822916360a365089ce936c883c49068f91c365eccba5c141a9964d19fdda589150a480013bf503bf37d8936c732e9635819339e730ab0e7527
  languageName: node
  linkType: hard

"http-errors@npm:^1.6.3, http-errors@npm:~1.8.0":
  version: 1.8.1
  resolution: "http-errors@npm:1.8.1"
  dependencies:
    depd: ~1.1.2
    inherits: 2.0.4
    setprototypeof: 1.2.0
    statuses: ">= 1.5.0 < 2"
    toidentifier: 1.0.1
  checksum: d3c7e7e776fd51c0a812baff570bdf06fe49a5dc448b700ab6171b1250e4cf7db8b8f4c0b133e4bfe2451022a5790c1ca6c2cae4094dedd6ac8304a1267f91d2
  languageName: node
  linkType: hard

"inherits@npm:2.0.4":
  version: 2.0.4
  resolution: "inherits@npm:2.0.4"
  checksum: 4a48a733847879d6cf6691860a6b1e3f0f4754176e4d71494c41f3475553768b10f84b5ce1d40fbd0e34e6bfbb864ee35858ad4dd2cf31e02fc4a154b724d7f1
  languageName: node
  linkType: hard

"is-generator-function@npm:^1.0.7":
  version: 1.0.10
  resolution: "is-generator-function@npm:1.0.10"
  dependencies:
    has-tostringtag: ^1.0.0
  checksum: d54644e7dbaccef15ceb1e5d91d680eb5068c9ee9f9eb0a9e04173eb5542c9b51b5ab52c5537f5703e48d5fddfd376817c1ca07a84a407b7115b769d4bdde72b
  languageName: node
  linkType: hard

"keygrip@npm:~1.1.0":
  version: 1.1.0
  resolution: "keygrip@npm:1.1.0"
  dependencies:
    tsscmp: 1.0.6
  checksum: 078cd16a463d187121f0a27c1c9c95c52ad392b620f823431689f345a0501132cee60f6e96914b07d570105af470b96960402accd6c48a0b1f3cd8fac4fa2cae
  languageName: node
  linkType: hard

"koa-compose@npm:^4.1.0":
  version: 4.1.0
  resolution: "koa-compose@npm:4.1.0"
  checksum: 46cb16792d96425e977c2ae4e5cb04930280740e907242ec9c25e3fb8b4a1d7b54451d7432bc24f40ec62255edea71894d2ceeb8238501842b4e48014f2e83db
  languageName: node
  linkType: hard

"koa-convert@npm:^2.0.0":
  version: 2.0.0
  resolution: "koa-convert@npm:2.0.0"
  dependencies:
    co: ^4.6.0
    koa-compose: ^4.1.0
  checksum: 7385b3391995f59c1312142e110d5dff677f9850dbfbcf387cd36a7b0af03b5d26e82b811eb9bb008b4f3e661cdab1f8817596e46b1929da2cf6e97a2f7456ed
  languageName: node
  linkType: hard

"koa@npm:^2.13.4":
  version: 2.13.4
  resolution: "koa@npm:2.13.4"
  dependencies:
    accepts: ^1.3.5
    cache-content-type: ^1.0.0
    content-disposition: ~0.5.2
    content-type: ^1.0.4
    cookies: ~0.8.0
    debug: ^4.3.2
    delegates: ^1.0.0
    depd: ^2.0.0
    destroy: ^1.0.4
    encodeurl: ^1.0.2
    escape-html: ^1.0.3
    fresh: ~0.5.2
    http-assert: ^1.3.0
    http-errors: ^1.6.3
    is-generator-function: ^1.0.7
    koa-compose: ^4.1.0
    koa-convert: ^2.0.0
    on-finished: ^2.3.0
    only: ~0.0.2
    parseurl: ^1.3.2
    statuses: ^1.5.0
    type-is: ^1.6.16
    vary: ^1.1.2
  checksum: c9a6f9c803433b2d143a0788308048c1432a71c5febcfea2af7f2e8bd732b9bfd75c2c220d553752ee9ab9a3f52490f006cfd521db97cd01d8461d67cc1ccc1f
  languageName: node
  linkType: hard

"media-typer@npm:0.3.0":
  version: 0.3.0
  resolution: "media-typer@npm:0.3.0"
  checksum: af1b38516c28ec95d6b0826f6c8f276c58aec391f76be42aa07646b4e39d317723e869700933ca6995b056db4b09a78c92d5440dc23657e6764be5d28874bba1
  languageName: node
  linkType: hard

"mime-db@npm:1.51.0":
  version: 1.51.0
  resolution: "mime-db@npm:1.51.0"
  checksum: 613b1ac9d6e725cc24444600b124a7f1ce6c60b1baa654f39a3e260d0995a6dffc5693190217e271af7e2a5612dae19f2a73f3e316707d797a7391165f7ef423
  languageName: node
  linkType: hard

"mime-types@npm:^2.1.18, mime-types@npm:~2.1.24":
  version: 2.1.34
  resolution: "mime-types@npm:2.1.34"
  dependencies:
    mime-db: 1.51.0
  checksum: 67013de9e9d6799bde6d669d18785b7e18bcd212e710d3e04a4727f92f67a8ad4e74aee24be28b685adb794944814bde649119b58ee3282ffdbee58f9278d9f3
  languageName: node
  linkType: hard

"ms@npm:2.1.2":
  version: 2.1.2
  resolution: "ms@npm:2.1.2"
  checksum: 673cdb2c3133eb050c745908d8ce632ed2c02d85640e2edb3ace856a2266a813b30c613569bf3354fdf4ea7d1a1494add3bfa95e2713baa27d0c2c71fc44f58f
  languageName: node
  linkType: hard

"negotiator@npm:0.6.2":
  version: 0.6.2
  resolution: "negotiator@npm:0.6.2"
  checksum: dfddaff6c06792f1c4c3809e29a427b8daef8cd437c83b08dd51d7ee11bbd1c29d9512d66b801144d6c98e910ffd8723f2432e0cbf8b18d41d2a09599c975ab3
  languageName: node
  linkType: hard

"on-finished@npm:^2.3.0":
  version: 2.3.0
  resolution: "on-finished@npm:2.3.0"
  dependencies:
    ee-first: 1.1.1
  checksum: 1db595bd963b0124d6fa261d18320422407b8f01dc65863840f3ddaaf7bcad5b28ff6847286703ca53f4ec19595bd67a2f1253db79fc4094911ec6aa8df1671b
  languageName: node
  linkType: hard

"only@npm:~0.0.2":
  version: 0.0.2
  resolution: "only@npm:0.0.2"
  checksum: d399710db867a1ef436dd3ce74499c87ece794aa81ab0370b5d153968766ee4aed2f98d3f92fc87c963e45b7a74d400d6f463ef651a5e7cfb861b15e88e9efe6
  languageName: node
  linkType: hard

"parseurl@npm:^1.3.2":
  version: 1.3.3
  resolution: "parseurl@npm:1.3.3"
  checksum: 407cee8e0a3a4c5cd472559bca8b6a45b82c124e9a4703302326e9ab60fc1081442ada4e02628efef1eb16197ddc7f8822f5a91fd7d7c86b51f530aedb17dfa2
  languageName: node
  linkType: hard

"paysys-shop-server@workspace:.":
  version: 0.0.0-use.local
  resolution: "paysys-shop-server@workspace:."
  dependencies:
    "@types/koa": ^2
    koa: ^2.13.4
    typescript: ^4.5.4
  languageName: unknown
  linkType: soft

"safe-buffer@npm:5.2.1":
  version: 5.2.1
  resolution: "safe-buffer@npm:5.2.1"
  checksum: b99c4b41fdd67a6aaf280fcd05e9ffb0813654894223afb78a31f14a19ad220bba8aba1cb14eddce1fcfb037155fe6de4e861784eb434f7d11ed58d1e70dd491
  languageName: node
  linkType: hard

"setprototypeof@npm:1.2.0":
  version: 1.2.0
  resolution: "setprototypeof@npm:1.2.0"
  checksum: be18cbbf70e7d8097c97f713a2e76edf84e87299b40d085c6bf8b65314e994cc15e2e317727342fa6996e38e1f52c59720b53fe621e2eb593a6847bf0356db89
  languageName: node
  linkType: hard

"statuses@npm:>= 1.5.0 < 2, statuses@npm:^1.5.0":
  version: 1.5.0
  resolution: "statuses@npm:1.5.0"
  checksum: c469b9519de16a4bb19600205cffb39ee471a5f17b82589757ca7bd40a8d92ebb6ed9f98b5a540c5d302ccbc78f15dc03cc0280dd6e00df1335568a5d5758a5c
  languageName: node
  linkType: hard

"toidentifier@npm:1.0.1":
  version: 1.0.1
  resolution: "toidentifier@npm:1.0.1"
  checksum: 952c29e2a85d7123239b5cfdd889a0dde47ab0497f0913d70588f19c53f7e0b5327c95f4651e413c74b785147f9637b17410ac8c846d5d4a20a5a33eb6dc3a45
  languageName: node
  linkType: hard

"tsscmp@npm:1.0.6":
  version: 1.0.6
  resolution: "tsscmp@npm:1.0.6"
  checksum: 1512384def36bccc9125cabbd4c3b0e68608d7ee08127ceaa0b84a71797263f1a01c7f82fa69be8a3bd3c1396e2965d2f7b52d581d3a5eeaf3967fbc52e3b3bf
  languageName: node
  linkType: hard

"type-is@npm:^1.6.16":
  version: 1.6.18
  resolution: "type-is@npm:1.6.18"
  dependencies:
    media-typer: 0.3.0
    mime-types: ~2.1.24
  checksum: 2c8e47675d55f8b4e404bcf529abdf5036c537a04c2b20177bcf78c9e3c1da69da3942b1346e6edb09e823228c0ee656ef0e033765ec39a70d496ef601a0c657
  languageName: node
  linkType: hard

"typescript@npm:^4.5.4":
  version: 4.5.4
  resolution: "typescript@npm:4.5.4"
  bin:
    tsc: bin/tsc
    tsserver: bin/tsserver
  checksum: 59f3243f9cd6fe3161e6150ff6bf795fc843b4234a655dbd938a310515e0d61afd1ac942799e7415e4334255e41c2c49b7dd5d9fd38a17acd25a6779ca7e0961
  languageName: node
  linkType: hard

"typescript@patch:typescript@^4.5.4#~builtin<compat/typescript>":
  version: 4.5.4
  resolution: "typescript@patch:typescript@npm%3A4.5.4#~builtin<compat/typescript>::version=4.5.4&hash=493e53"
  bin:
    tsc: bin/tsc
    tsserver: bin/tsserver
  checksum: 2e488dde7d2c4a2fa2e79cf2470600f8ce81bc0563c276b72df8ff412d74456ae532ba824650ae936ce207440c79720ddcfaa25e3cb4477572b8534fa4e34d49
  languageName: node
  linkType: hard

"vary@npm:^1.1.2":
  version: 1.1.2
  resolution: "vary@npm:1.1.2"
  checksum: ae0123222c6df65b437669d63dfa8c36cee20a504101b2fcd97b8bf76f91259c17f9f2b4d70a1e3c6bbcee7f51b28392833adb6b2770b23b01abec84e369660b
  languageName: node
  linkType: hard

"ylru@npm:^1.2.0":
  version: 1.2.1
  resolution: "ylru@npm:1.2.1"
  checksum: 33c45248becece949d4511a13f66b2330852f6226da6c2842bf16f0b0ee45bbbfcdf6b8da3d4c52d6cd5106818eeb3674dd73a17e87c945d1839c470107549e2
  languageName: node
  linkType: hard
